
Microsoft Visual Studio Solution File, Format Version 11.00
# Visual Studio 2010
Project("{FAE04EC0-301F-11D3-BF4B-00C04F79EFBC}") = "Assembly-CSharp", "Assembly-CSharp.csproj", "{6C61AC45-EF2A-F660-AA7E-02FDD1A105D3}"
EndProject
Project("{FAE04EC0-301F-11D3-BF4B-00C04F79EFBC}") = "Assembly-CSharp-firstpass", "Assembly-CSharp-firstpass.csproj", "{84A1905B-47EE-9538-D101-024867634003}"
EndProject
Project("{FAE04EC0-301F-11D3-BF4B-00C04F79EFBC}") = "Assembly-CSharp-Editor-firstpass", "Assembly-CSharp-Editor-firstpass.csproj", "{1F2CB5DA-8A83-992D-9E9E-DF9EE52E6A75}"
EndProject
Project("{FAE04EC0-301F-11D3-BF4B-00C04F79EFBC}") = "Assembly-CSharp-Editor", "Assembly-CSharp-Editor.csproj", "{5BC03CB4-E355-A3F5-6574-119F2918A62F}"
EndProject
Global
	GlobalSection(SolutionConfigurationPlatforms) = preSolution
		Debug|Any CPU = Debug|Any CPU
		Release|Any CPU = Release|Any CPU
	EndGlobalSection
	GlobalSection(ProjectConfigurationPlatforms) = postSolution
		{6C61AC45-EF2A-F660-AA7E-02FDD1A105D3}.Debug|Any CPU.ActiveCfg = Debug|Any CPU
		{6C61AC45-EF2A-F660-AA7E-02FDD1A105D3}.Debug|Any CPU.Build.0 = Debug|Any CPU
		{6C61AC45-EF2A-F660-AA7E-02FDD1A105D3}.Release|Any CPU.ActiveCfg = Release|Any CPU
		{6C61AC45-EF2A-F660-AA7E-02FDD1A105D3}.Release|Any CPU.Build.0 = Release|Any CPU
		{84A1905B-47EE-9538-D101-024867634003}.Debug|Any CPU.ActiveCfg = Debug|Any CPU
		{84A1905B-47EE-9538-D101-024867634003}.Debug|Any CPU.Build.0 = Debug|Any CPU
		{84A1905B-47EE-9538-D101-024867634003}.Release|Any CPU.ActiveCfg = Release|Any CPU
		{84A1905B-47EE-9538-D101-024867634003}.Release|Any CPU.Build.0 = Release|Any CPU
		{1F2CB5DA-8A83-992D-9E9E-DF9EE52E6A75}.Debug|Any CPU.ActiveCfg = Debug|Any CPU
		{1F2CB5DA-8A83-992D-9E9E-DF9EE52E6A75}.Debug|Any CPU.Build.0 = Debug|Any CPU
		{1F2CB5DA-8A83-992D-9E9E-DF9EE52E6A75}.Release|Any CPU.ActiveCfg = Release|Any CPU
		{1F2CB5DA-8A83-992D-9E9E-DF9EE52E6A75}.Release|Any CPU.Build.0 = Release|Any CPU
		{5BC03CB4-E355-A3F5-6574-119F2918A62F}.Debug|Any CPU.ActiveCfg = Debug|Any CPU
		{5BC03CB4-E355-A3F5-6574-119F2918A62F}.Debug|Any CPU.Build.0 = Debug|Any CPU
		{5BC03CB4-E355-A3F5-6574-119F2918A62F}.Release|Any CPU.ActiveCfg = Release|Any CPU
		{5BC03CB4-E355-A3F5-6574-119F2918A62F}.Release|Any CPU.Build.0 = Release|Any CPU
	EndGlobalSection
	GlobalSection(SolutionProperties) = preSolution
		HideSolutionNode = FALSE
	EndGlobalSection
	GlobalSection(MonoDevelopProperties) = preSolution
		StartupItem = Assembly-CSharp.csproj
	EndGlobalSection
EndGlobal
